<?xml version="1.0" encoding="utf-8"?>
<Project ToolsVersion="4.0" xmlns="http://schemas.microsoft.com/developer/msbuild/2003">
  <ItemGroup>
    <Filter Include="Main">
      <UniqueIdentifier>{dc4550f0-e26d-4d7e-bb0c-bf53c6f49cf0}</UniqueIdentifier>
    </Filter>
    <Filter Include="Protocol">
      <UniqueIdentifier>{bf74476f-4995-4053-89d0-39f2b37f8be8}</UniqueIdentifier>
    </Filter>
    <Filter Include="Protocol\Proto">
      <UniqueIdentifier>{374187cb-8cc6-4f71-9cdc-934de1c2963b}</UniqueIdentifier>
    </Filter>
    <Filter Include="Utils">
      <UniqueIdentifier>{ad68b8b2-920f-40d9-8111-3c9528e85d13}</UniqueIdentifier>
    </Filter>
    <Filter Include="Game">
      <UniqueIdentifier>{158c392d-937e-48a4-aee6-6f5f5bbf1448}</UniqueIdentifier>
    </Filter>
    <Filter Include="Game\Object">
      <UniqueIdentifier>{ba4992f5-7866-498c-8f3b-81dd9e017c41}</UniqueIdentifier>
    </Filter>
    <Filter Include="Manager">
      <UniqueIdentifier>{00a7663c-0b8e-4478-b04b-22bdaa14adfb}</UniqueIdentifier>
    </Filter>
    <Filter Include="Game\Room">
      <UniqueIdentifier>{d597dad3-3ad4-4de8-9ec6-7f020e7b3e55}</UniqueIdentifier>
    </Filter>
    <Filter Include="Data">
      <UniqueIdentifier>{3c8fa84b-82dd-4a6e-9093-404a3b50b801}</UniqueIdentifier>
    </Filter>
    <Filter Include="Game\Skill">
      <UniqueIdentifier>{c2a0ba9e-8b75-4c7b-a0e5-e44e48ae6709}</UniqueIdentifier>
    </Filter>
  </ItemGroup>
  <ItemGroup>
    <ClCompile Include="GameServer.cpp">
      <Filter>Main</Filter>
    </ClCompile>
    <ClCompile Include="pch.cpp">
      <Filter>Main</Filter>
    </ClCompile>
    <ClCompile Include="GameSessionManager.cpp">
      <Filter>Main</Filter>
    </ClCompile>
    <ClCompile Include="GameSession.cpp">
      <Filter>Main</Filter>
    </ClCompile>
    <ClCompile Include="Enum.pb.cc">
      <Filter>Protocol</Filter>
    </ClCompile>
    <ClCompile Include="Protocol.pb.cc">
      <Filter>Protocol</Filter>
    </ClCompile>
    <ClCompile Include="Struct.pb.cc">
      <Filter>Protocol</Filter>
    </ClCompile>
    <ClCompile Include="ServerPacketHandler.cpp">
      <Filter>Main</Filter>
    </ClCompile>
    <ClCompile Include="Utils.cpp">
      <Filter>Utils</Filter>
    </ClCompile>
    <ClCompile Include="Player.cpp">
      <Filter>Game\Object</Filter>
    </ClCompile>
    <ClCompile Include="Object.cpp">
      <Filter>Game\Object</Filter>
    </ClCompile>
    <ClCompile Include="Monster.cpp">
      <Filter>Game\Object</Filter>
    </ClCompile>
    <ClCompile Include="Creature.cpp">
      <Filter>Game\Object</Filter>
    </ClCompile>
    <ClCompile Include="Global.cpp">
      <Filter>Main</Filter>
    </ClCompile>
    <ClCompile Include="ObjectManager.cpp">
      <Filter>Manager</Filter>
    </ClCompile>
    <ClCompile Include="RoomManager.cpp">
      <Filter>Manager</Filter>
    </ClCompile>
    <ClCompile Include="RoomBase.cpp">
      <Filter>Game\Room</Filter>
    </ClCompile>
    <ClCompile Include="StartRoom.cpp">
      <Filter>Game\Room</Filter>
    </ClCompile>
    <ClCompile Include="Boss.cpp">
      <Filter>Game\Object</Filter>
    </ClCompile>
    <ClCompile Include="DataManager.cpp">
      <Filter>Manager</Filter>
    </ClCompile>
    <ClCompile Include="Data.cpp">
      <Filter>Data</Filter>
    </ClCompile>
    <ClCompile Include="SkillBase.cpp">
      <Filter>Game\Skill</Filter>
    </ClCompile>
    <ClCompile Include="SkillComponent.cpp">
      <Filter>Game\Skill</Filter>
    </ClCompile>
    <ClCompile Include="NormalAttack.cpp">
      <Filter>Game\Skill</Filter>
    </ClCompile>
    <ClCompile Include="SkillManager.cpp">
      <Filter>Manager</Filter>
    </ClCompile>
  </ItemGroup>
  <ItemGroup>
    <ClInclude Include="pch.h">
      <Filter>Main</Filter>
    </ClInclude>
    <ClInclude Include="GameSession.h">
      <Filter>Main</Filter>
    </ClInclude>
    <ClInclude Include="GameSessionManager.h">
      <Filter>Main</Filter>
    </ClInclude>
    <ClInclude Include="Enum.pb.h">
      <Filter>Protocol</Filter>
    </ClInclude>
    <ClInclude Include="Protocol.pb.h">
      <Filter>Protocol</Filter>
    </ClInclude>
    <ClInclude Include="Struct.pb.h">
      <Filter>Protocol</Filter>
    </ClInclude>
    <ClInclude Include="ServerPacketHandler.h">
      <Filter>Main</Filter>
    </ClInclude>
    <ClInclude Include="Utils.h">
      <Filter>Utils</Filter>
    </ClInclude>
    <ClInclude Include="Player.h">
      <Filter>Game\Object</Filter>
    </ClInclude>
    <ClInclude Include="Object.h">
      <Filter>Game\Object</Filter>
    </ClInclude>
    <ClInclude Include="Monster.h">
      <Filter>Game\Object</Filter>
    </ClInclude>
    <ClInclude Include="Creature.h">
      <Filter>Game\Object</Filter>
    </ClInclude>
    <ClInclude Include="Global.h">
      <Filter>Main</Filter>
    </ClInclude>
    <ClInclude Include="ObjectManager.h">
      <Filter>Manager</Filter>
    </ClInclude>
    <ClInclude Include="Define.h">
      <Filter>Utils</Filter>
    </ClInclude>
    <ClInclude Include="RoomManager.h">
      <Filter>Manager</Filter>
    </ClInclude>
    <ClInclude Include="RoomBase.h">
      <Filter>Game\Room</Filter>
    </ClInclude>
    <ClInclude Include="StartRoom.h">
      <Filter>Game\Room</Filter>
    </ClInclude>
    <ClInclude Include="Boss.h">
      <Filter>Game\Object</Filter>
    </ClInclude>
    <ClInclude Include="DataManager.h">
      <Filter>Manager</Filter>
    </ClInclude>
    <ClInclude Include="Data.h">
      <Filter>Data</Filter>
    </ClInclude>
    <ClInclude Include="SkillBase.h">
      <Filter>Game\Skill</Filter>
    </ClInclude>
    <ClInclude Include="SkillComponent.h">
      <Filter>Game\Skill</Filter>
    </ClInclude>
    <ClInclude Include="NormalAttack.h">
      <Filter>Game\Skill</Filter>
    </ClInclude>
    <ClInclude Include="SkillManager.h">
      <Filter>Manager</Filter>
    </ClInclude>
  </ItemGroup>
  <ItemGroup>
    <None Include="..\Common\protoc-21.12-win64\bin\Protocol.proto">
      <Filter>Protocol\Proto</Filter>
    </None>
    <None Include="..\Common\protoc-21.12-win64\bin\Struct.proto">
      <Filter>Protocol\Proto</Filter>
    </None>
    <None Include="..\Common\protoc-21.12-win64\bin\Enum.proto">
      <Filter>Protocol\Proto</Filter>
    </None>
    <None Include="..\Common\protoc-21.12-win64\bin\GenPackets.bat">
      <Filter>Protocol</Filter>
    </None>
    <None Include="..\..\Common\Data\GameData.json">
      <Filter>Data</Filter>
    </None>
  </ItemGroup>
  <ItemGroup>
    <Xml Include="GameData.xml">
      <Filter>Data</Filter>
    </Xml>
  </ItemGroup>
</Project>